{
  "version": 4,
  "terraform_version": "1.10.5",
  "serial": 88,
  "lineage": "c2eb9d6a-f582-75ca-3f7b-92cce7ad00fe",
  "outputs": {
    "agent_url": {
      "value": "https://slack-rag-bot-6gdsahqnzq-uc.a.run.app",
      "type": "string"
    },
    "cloud_sql_connection_name": {
      "value": "sparx-sandbox:us-central1:slack-rag-db",
      "type": "string"
    },
    "cloud_sql_private_ip": {
      "value": "10.102.192.3",
      "type": "string"
    },
    "indexer_job_name": {
      "value": "slack-rag-indexer",
      "type": "string"
    },
    "next_steps": {
      "value": "1. Set Slack secrets: gcloud secrets versions add slack-bot-token --data-file=- (paste token)\n2. Set Slack signing secret: gcloud secrets versions add slack-signing-secret --data-file=-\n3. Enable pgvector: ./scripts/enable-pgvector.sh\n4. Build and deploy: ./infra/gcp/singing-duck/scripts/deploy.sh\n5. Configure Slack app Event Subscriptions Request URL: https://slack-rag-bot-6gdsahqnzq-uc.a.run.appslack/events\n6. Models are pulled automatically during deploy.sh (or run ./scripts/pull-ollama-models.sh manually)",
      "type": "string"
    },
    "ollama_url": {
      "value": "https://ollama-6gdsahqnzq-uc.a.run.app",
      "type": "string"
    },
    "project_id": {
      "value": "sparx-sandbox",
      "type": "string"
    },
    "region": {
      "value": "us-central1",
      "type": "string"
    },
    "scheduler_job_name": {
      "value": "slack-rag-indexer-trigger",
      "type": "string"
    }
  },
  "resources": [
    {
      "mode": "data",
      "type": "google_compute_network",
      "name": "default",
      "provider": "provider[\"registry.terraform.io/hashicorp/google\"]",
      "instances": [
        {
          "schema_version": 0,
          "attributes": {
            "description": "Default network for the project",
            "gateway_ipv4": "",
            "id": "projects/sparx-sandbox/global/networks/default",
            "internal_ipv6_range": "",
            "name": "default",
            "project": null,
            "self_link": "https://www.googleapis.com/compute/v1/projects/sparx-sandbox/global/networks/default",
            "subnetworks_self_links": [
              "https://www.googleapis.com/compute/v1/projects/sparx-sandbox/regions/us-east4/subnetworks/default",
              "https://www.googleapis.com/compute/v1/projects/sparx-sandbox/regions/us-central1/subnetworks/aet-uscentral1-slack--rag--connector-sbnt",
              "https://www.googleapis.com/compute/v1/projects/sparx-sandbox/regions/us-east5/subnetworks/default",
              "https://www.googleapis.com/compute/v1/projects/sparx-sandbox/regions/asia-south2/subnetworks/default",
              "https://www.googleapis.com/compute/v1/projects/sparx-sandbox/regions/us-east7/subnetworks/default",
              "https://www.googleapis.com/compute/v1/projects/sparx-sandbox/regions/southamerica-east1/subnetworks/default",
              "https://www.googleapis.com/compute/v1/projects/sparx-sandbox/regions/europe-west6/subnetworks/default",
              "https://www.googleapis.com/compute/v1/projects/sparx-sandbox/regions/europe-north1/subnetworks/default",
              "https://www.googleapis.com/compute/v1/projects/sparx-sandbox/regions/asia-east2/subnetworks/default",
              "https://www.googleapis.com/compute/v1/projects/sparx-sandbox/regions/me-central2/subnetworks/default",
              "https://www.googleapis.com/compute/v1/projects/sparx-sandbox/regions/us-west2/subnetworks/default",
              "https://www.googleapis.com/compute/v1/projects/sparx-sandbox/regions/asia-southeast2/subnetworks/default",
              "https://www.googleapis.com/compute/v1/projects/sparx-sandbox/regions/northamerica-northeast2/subnetworks/default",
              "https://www.googleapis.com/compute/v1/projects/sparx-sandbox/regions/us-west1/subnetworks/default",
              "https://www.googleapis.com/compute/v1/projects/sparx-sandbox/regions/us-south1/subnetworks/default",
              "https://www.googleapis.com/compute/v1/projects/sparx-sandbox/regions/asia-northeast3/subnetworks/default",
              "https://www.googleapis.com/compute/v1/projects/sparx-sandbox/regions/europe-central2/subnetworks/default",
              "https://www.googleapis.com/compute/v1/projects/sparx-sandbox/regions/europe-west4/subnetworks/default",
              "https://www.googleapis.com/compute/v1/projects/sparx-sandbox/regions/asia-east1/subnetworks/default",
              "https://www.googleapis.com/compute/v1/projects/sparx-sandbox/regions/us-west4/subnetworks/default",
              "https://www.googleapis.com/compute/v1/projects/sparx-sandbox/regions/us-central1/subnetworks/psc-subnet",
              "https://www.googleapis.com/compute/v1/projects/sparx-sandbox/regions/northamerica-northeast1/subnetworks/default",
              "https://www.googleapis.com/compute/v1/projects/sparx-sandbox/regions/europe-west2/subnetworks/default",
              "https://www.googleapis.com/compute/v1/projects/sparx-sandbox/regions/europe-west8/subnetworks/default",
              "https://www.googleapis.com/compute/v1/projects/sparx-sandbox/regions/me-central1/subnetworks/default",
              "https://www.googleapis.com/compute/v1/projects/sparx-sandbox/regions/southamerica-west1/subnetworks/default",
              "https://www.googleapis.com/compute/v1/projects/sparx-sandbox/regions/asia-south1/subnetworks/default",
              "https://www.googleapis.com/compute/v1/projects/sparx-sandbox/regions/europe-north2/subnetworks/default",
              "https://www.googleapis.com/compute/v1/projects/sparx-sandbox/regions/us-central1/subnetworks/psc-subnet-redis",
              "https://www.googleapis.com/compute/v1/projects/sparx-sandbox/regions/europe-west9/subnetworks/default",
              "https://www.googleapis.com/compute/v1/projects/sparx-sandbox/regions/africa-south1/subnetworks/default",
              "https://www.googleapis.com/compute/v1/projects/sparx-sandbox/regions/us-west8/subnetworks/default",
              "https://www.googleapis.com/compute/v1/projects/sparx-sandbox/regions/europe-west1/subnetworks/default",
              "https://www.googleapis.com/compute/v1/projects/sparx-sandbox/regions/us-central1/subnetworks/default",
              "https://www.googleapis.com/compute/v1/projects/sparx-sandbox/regions/australia-southeast1/subnetworks/default",
              "https://www.googleapis.com/compute/v1/projects/sparx-sandbox/regions/europe-west10/subnetworks/default",
              "https://www.googleapis.com/compute/v1/projects/sparx-sandbox/regions/europe-west12/subnetworks/default",
              "https://www.googleapis.com/compute/v1/projects/sparx-sandbox/regions/asia-northeast1/subnetworks/default",
              "https://www.googleapis.com/compute/v1/projects/sparx-sandbox/regions/me-west1/subnetworks/default",
              "https://www.googleapis.com/compute/v1/projects/sparx-sandbox/regions/northamerica-south1/subnetworks/default",
              "https://www.googleapis.com/compute/v1/projects/sparx-sandbox/regions/asia-northeast2/subnetworks/default",
              "https://www.googleapis.com/compute/v1/projects/sparx-sandbox/regions/us-east1/subnetworks/default",
              "https://www.googleapis.com/compute/v1/projects/sparx-sandbox/regions/asia-southeast3/subnetworks/default",
              "https://www.googleapis.com/compute/v1/projects/sparx-sandbox/regions/europe-west3/subnetworks/default",
              "https://www.googleapis.com/compute/v1/projects/sparx-sandbox/regions/us-west3/subnetworks/default",
              "https://www.googleapis.com/compute/v1/projects/sparx-sandbox/regions/australia-southeast2/subnetworks/default",
              "https://www.googleapis.com/compute/v1/projects/sparx-sandbox/regions/europe-southwest1/subnetworks/default",
              "https://www.googleapis.com/compute/v1/projects/sparx-sandbox/regions/asia-southeast1/subnetworks/default"
            ]
          },
          "sensitive_attributes": []
        }
      ]
    },
    {
      "mode": "data",
      "type": "google_project",
      "name": "project",
      "provider": "provider[\"registry.terraform.io/hashicorp/google\"]",
      "instances": [
        {
          "schema_version": 0,
          "attributes": {
            "auto_create_network": null,
            "billing_account": "01F0D8-F68381-EC2A0E",
            "deletion_policy": "DELETE",
            "effective_labels": {},
            "folder_id": "112096250050",
            "id": "projects/sparx-sandbox",
            "labels": {},
            "name": "Sparx Sandbox",
            "number": "984566999758",
            "org_id": "",
            "project_id": "sparx-sandbox",
            "skip_delete": null,
            "terraform_labels": {}
          },
          "sensitive_attributes": []
        }
      ]
    },
    {
      "mode": "managed",
      "type": "google_cloud_run_v2_job",
      "name": "indexer",
      "provider": "provider[\"registry.terraform.io/hashicorp/google\"]",
      "instances": [
        {
          "schema_version": 0,
          "attributes": {
            "annotations": {},
            "binary_authorization": [],
            "client": "",
            "client_version": "",
            "conditions": [],
            "create_time": "2026-02-17T23:44:53.035209Z",
            "creator": "cho@kabaminc.com",
            "delete_time": "",
            "effective_annotations": {},
            "effective_labels": {},
            "etag": "\"CLK13cwGEPjhq5ED/cHJvamVjdHMvc3Bhcngtc2FuZGJveC9sb2NhdGlvbnMvdXMtY2VudHJhbDEvam9icy9zbGFjay1yYWctaW5kZXhlcg\"",
            "execution_count": 96,
            "expire_time": "",
            "generation": "25",
            "id": "projects/sparx-sandbox/locations/us-central1/jobs/slack-rag-indexer",
            "labels": {},
            "last_modifier": "cho@kabaminc.com",
            "latest_created_execution": [
              {
                "completion_time": "2026-02-19T18:35:22.761498Z",
                "create_time": "2026-02-19T18:30:01.326015Z",
                "name": "slack-rag-indexer-f9b9j"
              }
            ],
            "launch_stage": "GA",
            "location": "us-central1",
            "name": "slack-rag-indexer",
            "observed_generation": "25",
            "project": "sparx-sandbox",
            "reconciling": false,
            "template": [
              {
                "annotations": {},
                "labels": {},
                "parallelism": 0,
                "task_count": 1,
                "template": [
                  {
                    "containers": [
                      {
                        "args": [
                          "src/indexer/sync_once.js"
                        ],
                        "command": [
                          "node"
                        ],
                        "env": [
                          {
                            "name": "GCP_PROJECT_ID",
                            "value": "sparx-sandbox",
                            "value_source": []
                          },
                          {
                            "name": "OLLAMA_BASE_URL",
                            "value": "https://ollama-6gdsahqnzq-uc.a.run.app",
                            "value_source": []
                          },
                          {
                            "name": "OLLAMA_EMBED_MODEL",
                            "value": "nomic-embed-text",
                            "value_source": []
                          },
                          {
                            "name": "INDEXER_EMBED_CONCURRENCY",
                            "value": "4",
                            "value_source": []
                          },
                          {
                            "name": "DATABASE_URL",
                            "value": "",
                            "value_source": [
                              {
                                "secret_key_ref": [
                                  {
                                    "secret": "database-url",
                                    "version": "latest"
                                  }
                                ]
                              }
                            ]
                          },
                          {
                            "name": "SLACK_CHANNEL_DELAY_MS",
                            "value": "6000",
                            "value_source": []
                          },
                          {
                            "name": "SLACK_THREAD_DELAY_MS",
                            "value": "1000",
                            "value_source": []
                          },
                          {
                            "name": "SLACK_TEAM_ID",
                            "value": "T015X06654Y",
                            "value_source": []
                          },
                          {
                            "name": "SLACK_BOT_TOKEN",
                            "value": "",
                            "value_source": [
                              {
                                "secret_key_ref": [
                                  {
                                    "secret": "slack-bot-token",
                                    "version": "latest"
                                  }
                                ]
                              }
                            ]
                          }
                        ],
                        "image": "gcr.io/sparx-sandbox/slack-rag-bot",
                        "name": "",
                        "ports": [],
                        "resources": [
                          {
                            "limits": {
                              "cpu": "2",
                              "memory": "2Gi"
                            }
                          }
                        ],
                        "volume_mounts": [],
                        "working_dir": ""
                      }
                    ],
                    "encryption_key": "",
                    "execution_environment": "EXECUTION_ENVIRONMENT_GEN2",
                    "max_retries": 0,
                    "service_account": "slack-rag-indexer@sparx-sandbox.iam.gserviceaccount.com",
                    "timeout": "1800s",
                    "volumes": [],
                    "vpc_access": [
                      {
                        "connector": "projects/sparx-sandbox/locations/us-central1/connectors/slack-rag-connector",
                        "egress": "PRIVATE_RANGES_ONLY",
                        "network_interfaces": []
                      }
                    ]
                  }
                ]
              }
            ],
            "terminal_condition": [
              {
                "execution_reason": "",
                "last_transition_time": "",
                "message": "",
                "reason": "",
                "revision_reason": "",
                "severity": "",
                "state": "CONDITION_SUCCEEDED",
                "type": "Ready"
              }
            ],
            "terraform_labels": {},
            "timeouts": null,
            "uid": "4ad7b685-1843-40f3-abb7-42ef811fa7e1",
            "update_time": "2026-02-19T18:47:14.841675Z"
          },
          "sensitive_attributes": [],
          "private": "eyJlMmJmYjczMC1lY2FhLTExZTYtOGY4OC0zNDM2M2JjN2M0YzAiOnsiY3JlYXRlIjoxMjAwMDAwMDAwMDAwLCJkZWxldGUiOjEyMDAwMDAwMDAwMDAsInVwZGF0ZSI6MTIwMDAwMDAwMDAwMH19",
          "dependencies": [
            "data.google_compute_network.default",
            "google_cloud_run_v2_service.ollama",
            "google_project_service.compute",
            "google_project_service.run",
            "google_project_service.secretmanager",
            "google_project_service.vpcaccess",
            "google_secret_manager_secret.database_url",
            "google_secret_manager_secret.slack_bot_token",
            "google_secret_manager_secret_version.database_url",
            "google_secret_manager_secret_version.slack_bot_token_placeholder",
            "google_service_account.indexer",
            "google_service_networking_connection.private_vpc_connection",
            "google_sql_database_instance.main",
            "google_vpc_access_connector.connector",
            "random_password.db_password"
          ]
        }
      ]
    },
    {
      "mode": "managed",
      "type": "google_cloud_run_v2_job_iam_member",
      "name": "scheduler_invoker",
      "provider": "provider[\"registry.terraform.io/hashicorp/google\"]",
      "instances": [
        {
          "schema_version": 0,
          "attributes": {
            "condition": [],
            "etag": "BwZLDaiHfOY=",
            "id": "projects/sparx-sandbox/locations/us-central1/jobs/slack-rag-indexer/roles/run.invoker/serviceAccount:984566999758-compute@developer.gserviceaccount.com",
            "location": "us-central1",
            "member": "serviceAccount:984566999758-compute@developer.gserviceaccount.com",
            "name": "projects/sparx-sandbox/locations/us-central1/jobs/slack-rag-indexer",
            "project": "sparx-sandbox",
            "role": "roles/run.invoker"
          },
          "sensitive_attributes": [],
          "private": "bnVsbA==",
          "dependencies": [
            "data.google_compute_network.default",
            "data.google_project.project",
            "google_cloud_run_v2_job.indexer",
            "google_cloud_run_v2_service.ollama",
            "google_project_service.compute",
            "google_project_service.run",
            "google_project_service.secretmanager",
            "google_project_service.vpcaccess",
            "google_secret_manager_secret.database_url",
            "google_secret_manager_secret.slack_bot_token",
            "google_secret_manager_secret_version.database_url",
            "google_secret_manager_secret_version.slack_bot_token_placeholder",
            "google_service_account.indexer",
            "google_service_networking_connection.private_vpc_connection",
            "google_sql_database_instance.main",
            "google_vpc_access_connector.connector",
            "random_password.db_password"
          ]
        }
      ]
    },
    {
      "mode": "managed",
      "type": "google_cloud_run_v2_service",
      "name": "agent",
      "provider": "provider[\"registry.terraform.io/hashicorp/google\"]",
      "instances": [
        {
          "schema_version": 0,
          "attributes": {
            "annotations": {},
            "binary_authorization": [],
            "client": "",
            "client_version": "",
            "conditions": [
              {
                "execution_reason": "",
                "last_transition_time": "2026-02-19T18:47:26.804637Z",
                "message": "",
                "reason": "",
                "revision_reason": "",
                "severity": "",
                "state": "CONDITION_SUCCEEDED",
                "type": "RoutesReady"
              },
              {
                "execution_reason": "",
                "last_transition_time": "2026-02-19T18:47:15.517828Z",
                "message": "",
                "reason": "",
                "revision_reason": "",
                "severity": "",
                "state": "CONDITION_SUCCEEDED",
                "type": "ConfigurationsReady"
              }
            ],
            "create_time": "2026-02-17T23:44:53.018277Z",
            "creator": "cho@kabaminc.com",
            "custom_audiences": [],
            "delete_time": "",
            "description": "",
            "effective_annotations": {},
            "effective_labels": {},
            "etag": "\"CLK13cwGEJicyoQD/cHJvamVjdHMvc3Bhcngtc2FuZGJveC9sb2NhdGlvbnMvdXMtY2VudHJhbDEvc2VydmljZXMvc2xhY2stcmFnLWJvdA\"",
            "expire_time": "",
            "generation": "43",
            "id": "projects/sparx-sandbox/locations/us-central1/services/slack-rag-bot",
            "ingress": "INGRESS_TRAFFIC_ALL",
            "labels": {},
            "last_modifier": "cho@kabaminc.com",
            "latest_created_revision": "projects/sparx-sandbox/locations/us-central1/services/slack-rag-bot/revisions/slack-rag-bot-00042-vhn",
            "latest_ready_revision": "projects/sparx-sandbox/locations/us-central1/services/slack-rag-bot/revisions/slack-rag-bot-00042-vhn",
            "launch_stage": "GA",
            "location": "us-central1",
            "name": "slack-rag-bot",
            "observed_generation": "43",
            "project": "sparx-sandbox",
            "reconciling": false,
            "template": [
              {
                "annotations": {},
                "containers": [
                  {
                    "args": [],
                    "command": [],
                    "depends_on": [],
                    "env": [
                      {
                        "name": "GCP_PROJECT_ID",
                        "value": "sparx-sandbox",
                        "value_source": []
                      },
                      {
                        "name": "OLLAMA_BASE_URL",
                        "value": "https://ollama-6gdsahqnzq-uc.a.run.app",
                        "value_source": []
                      },
                      {
                        "name": "OLLAMA_CHAT_MODEL",
                        "value": "tinyllama",
                        "value_source": []
                      },
                      {
                        "name": "OLLAMA_EMBED_MODEL",
                        "value": "nomic-embed-text",
                        "value_source": []
                      },
                      {
                        "name": "OLLAMA_MODEL",
                        "value": "tinyllama",
                        "value_source": []
                      },
                      {
                        "name": "DATABASE_URL",
                        "value": "",
                        "value_source": [
                          {
                            "secret_key_ref": [
                              {
                                "secret": "database-url",
                                "version": "latest"
                              }
                            ]
                          }
                        ]
                      },
                      {
                        "name": "SLACK_BOT_TOKEN",
                        "value": "",
                        "value_source": [
                          {
                            "secret_key_ref": [
                              {
                                "secret": "slack-bot-token",
                                "version": "latest"
                              }
                            ]
                          }
                        ]
                      },
                      {
                        "name": "SLACK_SIGNING_SECRET",
                        "value": "",
                        "value_source": [
                          {
                            "secret_key_ref": [
                              {
                                "secret": "slack-signing-secret",
                                "version": "latest"
                              }
                            ]
                          }
                        ]
                      },
                      {
                        "name": "GITHUB_TOKEN",
                        "value": "",
                        "value_source": [
                          {
                            "secret_key_ref": [
                              {
                                "secret": "github-token",
                                "version": "latest"
                              }
                            ]
                          }
                        ]
                      },
                      {
                        "name": "ENABLE_MCP",
                        "value": "true",
                        "value_source": []
                      },
                      {
                        "name": "DISABLE_SCALING_INTENT_DETECTION",
                        "value": "false",
                        "value_source": []
                      },
                      {
                        "name": "DISABLE_ADD_MEMORY_DETECTION",
                        "value": "false",
                        "value_source": []
                      },
                      {
                        "name": "DISABLE_APPROVAL_BUTTONS",
                        "value": "false",
                        "value_source": []
                      },
                      {
                        "name": "HIDE_GCLOUD_SCALE_UP_UI",
                        "value": "false",
                        "value_source": []
                      }
                    ],
                    "image": "us-docker.pkg.dev/cloudrun/container/hello",
                    "liveness_probe": [],
                    "name": "",
                    "ports": [
                      {
                        "container_port": 8080,
                        "name": "http1"
                      }
                    ],
                    "resources": [
                      {
                        "cpu_idle": true,
                        "limits": {
                          "cpu": "2",
                          "memory": "2Gi"
                        },
                        "startup_cpu_boost": true
                      }
                    ],
                    "startup_probe": [
                      {
                        "failure_threshold": 3,
                        "grpc": [],
                        "http_get": [
                          {
                            "http_headers": [],
                            "path": "/",
                            "port": 8080
                          }
                        ],
                        "initial_delay_seconds": 5,
                        "period_seconds": 10,
                        "tcp_socket": [],
                        "timeout_seconds": 3
                      }
                    ],
                    "volume_mounts": [],
                    "working_dir": ""
                  }
                ],
                "encryption_key": "",
                "execution_environment": "",
                "labels": {},
                "max_instance_request_concurrency": 80,
                "revision": "",
                "scaling": [
                  {
                    "max_instance_count": 10,
                    "min_instance_count": 1
                  }
                ],
                "service_account": "slack-rag-agent@sparx-sandbox.iam.gserviceaccount.com",
                "session_affinity": false,
                "timeout": "300s",
                "volumes": [],
                "vpc_access": [
                  {
                    "connector": "projects/sparx-sandbox/locations/us-central1/connectors/slack-rag-connector",
                    "egress": "PRIVATE_RANGES_ONLY",
                    "network_interfaces": []
                  }
                ]
              }
            ],
            "terminal_condition": [
              {
                "execution_reason": "",
                "last_transition_time": "2026-02-19T18:47:26.836085Z",
                "message": "",
                "reason": "",
                "revision_reason": "",
                "severity": "",
                "state": "CONDITION_SUCCEEDED",
                "type": "Ready"
              }
            ],
            "terraform_labels": {},
            "timeouts": null,
            "traffic": [
              {
                "percent": 100,
                "revision": "",
                "tag": "",
                "type": "TRAFFIC_TARGET_ALLOCATION_TYPE_LATEST"
              }
            ],
            "traffic_statuses": [
              {
                "percent": 100,
                "revision": "",
                "tag": "",
                "type": "TRAFFIC_TARGET_ALLOCATION_TYPE_LATEST",
                "uri": ""
              }
            ],
            "uid": "167b45ae-c4d5-463d-8bc8-b5dae78eff61",
            "update_time": "2026-02-19T18:47:14.814911Z",
            "uri": "https://slack-rag-bot-6gdsahqnzq-uc.a.run.app"
          },
          "sensitive_attributes": [],
          "private": "eyJlMmJmYjczMC1lY2FhLTExZTYtOGY4OC0zNDM2M2JjN2M0YzAiOnsiY3JlYXRlIjoxMjAwMDAwMDAwMDAwLCJkZWxldGUiOjEyMDAwMDAwMDAwMDAsInVwZGF0ZSI6MTIwMDAwMDAwMDAwMH19",
          "dependencies": [
            "data.google_compute_network.default",
            "google_cloud_run_v2_service.ollama",
            "google_project_service.compute",
            "google_project_service.run",
            "google_project_service.secretmanager",
            "google_project_service.vpcaccess",
            "google_secret_manager_secret.database_url",
            "google_secret_manager_secret.github_token",
            "google_secret_manager_secret.slack_bot_token",
            "google_secret_manager_secret.slack_signing_secret",
            "google_secret_manager_secret_version.database_url",
            "google_secret_manager_secret_version.github_token_placeholder",
            "google_secret_manager_secret_version.slack_bot_token_placeholder",
            "google_secret_manager_secret_version.slack_signing_secret_placeholder",
            "google_service_account.agent",
            "google_service_networking_connection.private_vpc_connection",
            "google_sql_database_instance.main",
            "google_vpc_access_connector.connector",
            "random_password.db_password"
          ]
        }
      ]
    },
    {
      "mode": "managed",
      "type": "google_cloud_run_v2_service",
      "name": "ollama",
      "provider": "provider[\"registry.terraform.io/hashicorp/google\"]",
      "instances": [
        {
          "index_key": 0,
          "schema_version": 0,
          "attributes": {
            "annotations": {},
            "binary_authorization": [],
            "client": "",
            "client_version": "",
            "conditions": [
              {
                "execution_reason": "",
                "last_transition_time": "2026-02-18T01:52:20.167662Z",
                "message": "",
                "reason": "",
                "revision_reason": "",
                "severity": "",
                "state": "CONDITION_SUCCEEDED",
                "type": "RoutesReady"
              },
              {
                "execution_reason": "",
                "last_transition_time": "2026-02-18T01:52:19.203257Z",
                "message": "",
                "reason": "",
                "revision_reason": "",
                "severity": "",
                "state": "CONDITION_SUCCEEDED",
                "type": "ConfigurationsReady"
              }
            ],
            "create_time": "2026-02-17T23:29:50.669704Z",
            "creator": "cho@kabaminc.com",
            "custom_audiences": [],
            "delete_time": "",
            "description": "",
            "effective_annotations": {},
            "effective_labels": {},
            "etag": "\"CMK21MwGEPD4yLgD/cHJvamVjdHMvc3Bhcngtc2FuZGJveC9sb2NhdGlvbnMvdXMtY2VudHJhbDEvc2VydmljZXMvb2xsYW1h\"",
            "expire_time": "",
            "generation": "4",
            "id": "projects/sparx-sandbox/locations/us-central1/services/ollama",
            "ingress": "INGRESS_TRAFFIC_ALL",
            "labels": {},
            "last_modifier": "cho@kabaminc.com",
            "latest_created_revision": "projects/sparx-sandbox/locations/us-central1/services/ollama/revisions/ollama-00004-r88",
            "latest_ready_revision": "projects/sparx-sandbox/locations/us-central1/services/ollama/revisions/ollama-00004-r88",
            "launch_stage": "GA",
            "location": "us-central1",
            "name": "ollama",
            "observed_generation": "4",
            "project": "sparx-sandbox",
            "reconciling": false,
            "template": [
              {
                "annotations": {},
                "containers": [
                  {
                    "args": [
                      "serve"
                    ],
                    "command": [
                      "ollama"
                    ],
                    "depends_on": [],
                    "env": [
                      {
                        "name": "OLLAMA_HOST",
                        "value": "0.0.0.0:8080",
                        "value_source": []
                      },
                      {
                        "name": "OLLAMA_KEEP_ALIVE",
                        "value": "30m",
                        "value_source": []
                      },
                      {
                        "name": "OLLAMA_NUM_PARALLEL",
                        "value": "6",
                        "value_source": []
                      },
                      {
                        "name": "OLLAMA_MAX_LOADED_MODELS",
                        "value": "2",
                        "value_source": []
                      }
                    ],
                    "image": "ollama/ollama",
                    "liveness_probe": [],
                    "name": "",
                    "ports": [
                      {
                        "container_port": 8080,
                        "name": "http1"
                      }
                    ],
                    "resources": [
                      {
                        "cpu_idle": false,
                        "limits": {
                          "cpu": "8",
                          "memory": "8Gi"
                        },
                        "startup_cpu_boost": false
                      }
                    ],
                    "startup_probe": [
                      {
                        "failure_threshold": 6,
                        "grpc": [],
                        "http_get": [
                          {
                            "http_headers": [],
                            "path": "/",
                            "port": 8080
                          }
                        ],
                        "initial_delay_seconds": 10,
                        "period_seconds": 10,
                        "tcp_socket": [],
                        "timeout_seconds": 5
                      }
                    ],
                    "volume_mounts": [],
                    "working_dir": ""
                  }
                ],
                "encryption_key": "",
                "execution_environment": "",
                "labels": {},
                "max_instance_request_concurrency": 6,
                "revision": "",
                "scaling": [
                  {
                    "max_instance_count": 1,
                    "min_instance_count": 1
                  }
                ],
                "service_account": "984566999758-compute@developer.gserviceaccount.com",
                "session_affinity": false,
                "timeout": "3600s",
                "volumes": [],
                "vpc_access": []
              }
            ],
            "terminal_condition": [
              {
                "execution_reason": "",
                "last_transition_time": "2026-02-18T01:52:20.203012Z",
                "message": "",
                "reason": "",
                "revision_reason": "",
                "severity": "",
                "state": "CONDITION_SUCCEEDED",
                "type": "Ready"
              }
            ],
            "terraform_labels": {},
            "timeouts": null,
            "traffic": [
              {
                "percent": 100,
                "revision": "",
                "tag": "",
                "type": "TRAFFIC_TARGET_ALLOCATION_TYPE_LATEST"
              }
            ],
            "traffic_statuses": [
              {
                "percent": 100,
                "revision": "",
                "tag": "",
                "type": "TRAFFIC_TARGET_ALLOCATION_TYPE_LATEST",
                "uri": ""
              }
            ],
            "uid": "4146b568-060e-46c5-aef3-f4257e358253",
            "update_time": "2026-02-18T01:52:02.923942Z",
            "uri": "https://ollama-6gdsahqnzq-uc.a.run.app"
          },
          "sensitive_attributes": [],
          "private": "eyJlMmJmYjczMC1lY2FhLTExZTYtOGY4OC0zNDM2M2JjN2M0YzAiOnsiY3JlYXRlIjoxMjAwMDAwMDAwMDAwLCJkZWxldGUiOjEyMDAwMDAwMDAwMDAsInVwZGF0ZSI6MTIwMDAwMDAwMDAwMH19",
          "dependencies": [
            "google_project_service.run"
          ]
        }
      ]
    },
    {
      "mode": "managed",
      "type": "google_cloud_run_v2_service_iam_member",
      "name": "agent_invoke_ollama",
      "provider": "provider[\"registry.terraform.io/hashicorp/google\"]",
      "instances": [
        {
          "index_key": 0,
          "schema_version": 0,
          "attributes": {
            "condition": [],
            "etag": "BwZLDXQ+wew=",
            "id": "projects/sparx-sandbox/locations/us-central1/services/ollama/roles/run.invoker/serviceAccount:slack-rag-agent@sparx-sandbox.iam.gserviceaccount.com",
            "location": "us-central1",
            "member": "serviceAccount:slack-rag-agent@sparx-sandbox.iam.gserviceaccount.com",
            "name": "projects/sparx-sandbox/locations/us-central1/services/ollama",
            "project": "sparx-sandbox",
            "role": "roles/run.invoker"
          },
          "sensitive_attributes": [],
          "private": "bnVsbA==",
          "dependencies": [
            "google_cloud_run_v2_service.ollama",
            "google_project_service.run",
            "google_service_account.agent"
          ]
        }
      ]
    },
    {
      "mode": "managed",
      "type": "google_cloud_run_v2_service_iam_member",
      "name": "agent_public",
      "provider": "provider[\"registry.terraform.io/hashicorp/google\"]",
      "instances": [
        {
          "schema_version": 0,
          "attributes": {
            "condition": [],
            "etag": "BwZLDam+33w=",
            "id": "projects/sparx-sandbox/locations/us-central1/services/slack-rag-bot/roles/run.invoker/allUsers",
            "location": "us-central1",
            "member": "allUsers",
            "name": "projects/sparx-sandbox/locations/us-central1/services/slack-rag-bot",
            "project": "sparx-sandbox",
            "role": "roles/run.invoker"
          },
          "sensitive_attributes": [],
          "private": "bnVsbA==",
          "dependencies": [
            "data.google_compute_network.default",
            "google_cloud_run_v2_service.agent",
            "google_cloud_run_v2_service.ollama",
            "google_project_service.compute",
            "google_project_service.run",
            "google_project_service.secretmanager",
            "google_project_service.vpcaccess",
            "google_secret_manager_secret.database_url",
            "google_secret_manager_secret.github_token",
            "google_secret_manager_secret.slack_bot_token",
            "google_secret_manager_secret.slack_signing_secret",
            "google_secret_manager_secret_version.database_url",
            "google_secret_manager_secret_version.github_token_placeholder",
            "google_secret_manager_secret_version.slack_bot_token_placeholder",
            "google_secret_manager_secret_version.slack_signing_secret_placeholder",
            "google_service_account.agent",
            "google_service_networking_connection.private_vpc_connection",
            "google_sql_database_instance.main",
            "google_vpc_access_connector.connector",
            "random_password.db_password"
          ]
        }
      ]
    },
    {
      "mode": "managed",
      "type": "google_cloud_run_v2_service_iam_member",
      "name": "ollama_public",
      "provider": "provider[\"registry.terraform.io/hashicorp/google\"]",
      "instances": [
        {
          "index_key": 0,
          "schema_version": 0,
          "attributes": {
            "condition": [],
            "etag": "BwZLDXQ+wew=",
            "id": "projects/sparx-sandbox/locations/us-central1/services/ollama/roles/run.invoker/allUsers",
            "location": "us-central1",
            "member": "allUsers",
            "name": "projects/sparx-sandbox/locations/us-central1/services/ollama",
            "project": "sparx-sandbox",
            "role": "roles/run.invoker"
          },
          "sensitive_attributes": [],
          "private": "bnVsbA==",
          "dependencies": [
            "google_cloud_run_v2_service.ollama",
            "google_project_service.run"
          ]
        }
      ]
    },
    {
      "mode": "managed",
      "type": "google_cloud_scheduler_job",
      "name": "indexer",
      "provider": "provider[\"registry.terraform.io/hashicorp/google\"]",
      "instances": [
        {
          "schema_version": 0,
          "attributes": {
            "app_engine_http_target": [],
            "attempt_deadline": "600s",
            "description": "",
            "http_target": [
              {
                "body": "",
                "headers": {},
                "http_method": "POST",
                "oauth_token": [
                  {
                    "scope": "https://www.googleapis.com/auth/cloud-platform",
                    "service_account_email": "984566999758-compute@developer.gserviceaccount.com"
                  }
                ],
                "oidc_token": [],
                "uri": "https://us-central1-run.googleapis.com/apis/run.googleapis.com/v1/namespaces/sparx-sandbox/jobs/slack-rag-indexer:run"
              }
            ],
            "id": "projects/sparx-sandbox/locations/us-central1/jobs/slack-rag-indexer-trigger",
            "name": "slack-rag-indexer-trigger",
            "paused": false,
            "project": "sparx-sandbox",
            "pubsub_target": [],
            "region": "us-central1",
            "retry_config": [
              {
                "max_backoff_duration": "3600s",
                "max_doublings": 5,
                "max_retry_duration": "0s",
                "min_backoff_duration": "5s",
                "retry_count": 2
              }
            ],
            "schedule": "*/30 * * * *",
            "state": "ENABLED",
            "time_zone": "UTC",
            "timeouts": null
          },
          "sensitive_attributes": [],
          "private": "eyJlMmJmYjczMC1lY2FhLTExZTYtOGY4OC0zNDM2M2JjN2M0YzAiOnsiY3JlYXRlIjoxMjAwMDAwMDAwMDAwLCJkZWxldGUiOjEyMDAwMDAwMDAwMDAsInVwZGF0ZSI6MTIwMDAwMDAwMDAwMH19",
          "dependencies": [
            "data.google_compute_network.default",
            "data.google_project.project",
            "google_cloud_run_v2_job.indexer",
            "google_cloud_run_v2_service.ollama",
            "google_project_service.compute",
            "google_project_service.run",
            "google_project_service.scheduler",
            "google_project_service.secretmanager",
            "google_project_service.vpcaccess",
            "google_secret_manager_secret.database_url",
            "google_secret_manager_secret.slack_bot_token",
            "google_secret_manager_secret_version.database_url",
            "google_secret_manager_secret_version.slack_bot_token_placeholder",
            "google_service_account.indexer",
            "google_service_networking_connection.private_vpc_connection",
            "google_sql_database_instance.main",
            "google_vpc_access_connector.connector",
            "random_password.db_password"
          ]
        }
      ]
    },
    {
      "mode": "managed",
      "type": "google_project_service",
      "name": "cloudbuild",
      "provider": "provider[\"registry.terraform.io/hashicorp/google\"]",
      "instances": [
        {
          "schema_version": 0,
          "attributes": {
            "disable_dependent_services": null,
            "disable_on_destroy": false,
            "id": "sparx-sandbox/cloudbuild.googleapis.com",
            "project": "sparx-sandbox",
            "service": "cloudbuild.googleapis.com",
            "timeouts": null
          },
          "sensitive_attributes": [],
          "private": "eyJlMmJmYjczMC1lY2FhLTExZTYtOGY4OC0zNDM2M2JjN2M0YzAiOnsiY3JlYXRlIjoxMjAwMDAwMDAwMDAwLCJkZWxldGUiOjEyMDAwMDAwMDAwMDAsInJlYWQiOjYwMDAwMDAwMDAwMCwidXBkYXRlIjoxMjAwMDAwMDAwMDAwfX0="
        }
      ]
    },
    {
      "mode": "managed",
      "type": "google_project_service",
      "name": "compute",
      "provider": "provider[\"registry.terraform.io/hashicorp/google\"]",
      "instances": [
        {
          "schema_version": 0,
          "attributes": {
            "disable_dependent_services": null,
            "disable_on_destroy": false,
            "id": "sparx-sandbox/compute.googleapis.com",
            "project": "sparx-sandbox",
            "service": "compute.googleapis.com",
            "timeouts": null
          },
          "sensitive_attributes": [],
          "private": "eyJlMmJmYjczMC1lY2FhLTExZTYtOGY4OC0zNDM2M2JjN2M0YzAiOnsiY3JlYXRlIjoxMjAwMDAwMDAwMDAwLCJkZWxldGUiOjEyMDAwMDAwMDAwMDAsInJlYWQiOjYwMDAwMDAwMDAwMCwidXBkYXRlIjoxMjAwMDAwMDAwMDAwfX0="
        }
      ]
    },
    {
      "mode": "managed",
      "type": "google_project_service",
      "name": "run",
      "provider": "provider[\"registry.terraform.io/hashicorp/google\"]",
      "instances": [
        {
          "schema_version": 0,
          "attributes": {
            "disable_dependent_services": null,
            "disable_on_destroy": false,
            "id": "sparx-sandbox/run.googleapis.com",
            "project": "sparx-sandbox",
            "service": "run.googleapis.com",
            "timeouts": null
          },
          "sensitive_attributes": [],
          "private": "eyJlMmJmYjczMC1lY2FhLTExZTYtOGY4OC0zNDM2M2JjN2M0YzAiOnsiY3JlYXRlIjoxMjAwMDAwMDAwMDAwLCJkZWxldGUiOjEyMDAwMDAwMDAwMDAsInJlYWQiOjYwMDAwMDAwMDAwMCwidXBkYXRlIjoxMjAwMDAwMDAwMDAwfX0="
        }
      ]
    },
    {
      "mode": "managed",
      "type": "google_project_service",
      "name": "scheduler",
      "provider": "provider[\"registry.terraform.io/hashicorp/google\"]",
      "instances": [
        {
          "schema_version": 0,
          "attributes": {
            "disable_dependent_services": null,
            "disable_on_destroy": false,
            "id": "sparx-sandbox/cloudscheduler.googleapis.com",
            "project": "sparx-sandbox",
            "service": "cloudscheduler.googleapis.com",
            "timeouts": null
          },
          "sensitive_attributes": [],
          "private": "eyJlMmJmYjczMC1lY2FhLTExZTYtOGY4OC0zNDM2M2JjN2M0YzAiOnsiY3JlYXRlIjoxMjAwMDAwMDAwMDAwLCJkZWxldGUiOjEyMDAwMDAwMDAwMDAsInJlYWQiOjYwMDAwMDAwMDAwMCwidXBkYXRlIjoxMjAwMDAwMDAwMDAwfX0="
        }
      ]
    },
    {
      "mode": "managed",
      "type": "google_project_service",
      "name": "secretmanager",
      "provider": "provider[\"registry.terraform.io/hashicorp/google\"]",
      "instances": [
        {
          "schema_version": 0,
          "attributes": {
            "disable_dependent_services": null,
            "disable_on_destroy": false,
            "id": "sparx-sandbox/secretmanager.googleapis.com",
            "project": "sparx-sandbox",
            "service": "secretmanager.googleapis.com",
            "timeouts": null
          },
          "sensitive_attributes": [],
          "private": "eyJlMmJmYjczMC1lY2FhLTExZTYtOGY4OC0zNDM2M2JjN2M0YzAiOnsiY3JlYXRlIjoxMjAwMDAwMDAwMDAwLCJkZWxldGUiOjEyMDAwMDAwMDAwMDAsInJlYWQiOjYwMDAwMDAwMDAwMCwidXBkYXRlIjoxMjAwMDAwMDAwMDAwfX0="
        }
      ]
    },
    {
      "mode": "managed",
      "type": "google_project_service",
      "name": "servicenetworking",
      "provider": "provider[\"registry.terraform.io/hashicorp/google\"]",
      "instances": [
        {
          "schema_version": 0,
          "attributes": {
            "disable_dependent_services": null,
            "disable_on_destroy": false,
            "id": "sparx-sandbox/servicenetworking.googleapis.com",
            "project": "sparx-sandbox",
            "service": "servicenetworking.googleapis.com",
            "timeouts": null
          },
          "sensitive_attributes": [],
          "private": "eyJlMmJmYjczMC1lY2FhLTExZTYtOGY4OC0zNDM2M2JjN2M0YzAiOnsiY3JlYXRlIjoxMjAwMDAwMDAwMDAwLCJkZWxldGUiOjEyMDAwMDAwMDAwMDAsInJlYWQiOjYwMDAwMDAwMDAwMCwidXBkYXRlIjoxMjAwMDAwMDAwMDAwfX0="
        }
      ]
    },
    {
      "mode": "managed",
      "type": "google_project_service",
      "name": "sqladmin",
      "provider": "provider[\"registry.terraform.io/hashicorp/google\"]",
      "instances": [
        {
          "schema_version": 0,
          "attributes": {
            "disable_dependent_services": null,
            "disable_on_destroy": false,
            "id": "sparx-sandbox/sqladmin.googleapis.com",
            "project": "sparx-sandbox",
            "service": "sqladmin.googleapis.com",
            "timeouts": null
          },
          "sensitive_attributes": [],
          "private": "eyJlMmJmYjczMC1lY2FhLTExZTYtOGY4OC0zNDM2M2JjN2M0YzAiOnsiY3JlYXRlIjoxMjAwMDAwMDAwMDAwLCJkZWxldGUiOjEyMDAwMDAwMDAwMDAsInJlYWQiOjYwMDAwMDAwMDAwMCwidXBkYXRlIjoxMjAwMDAwMDAwMDAwfX0="
        }
      ]
    },
    {
      "mode": "managed",
      "type": "google_project_service",
      "name": "vpcaccess",
      "provider": "provider[\"registry.terraform.io/hashicorp/google\"]",
      "instances": [
        {
          "schema_version": 0,
          "attributes": {
            "disable_dependent_services": null,
            "disable_on_destroy": false,
            "id": "sparx-sandbox/vpcaccess.googleapis.com",
            "project": "sparx-sandbox",
            "service": "vpcaccess.googleapis.com",
            "timeouts": null
          },
          "sensitive_attributes": [],
          "private": "eyJlMmJmYjczMC1lY2FhLTExZTYtOGY4OC0zNDM2M2JjN2M0YzAiOnsiY3JlYXRlIjoxMjAwMDAwMDAwMDAwLCJkZWxldGUiOjEyMDAwMDAwMDAwMDAsInJlYWQiOjYwMDAwMDAwMDAwMCwidXBkYXRlIjoxMjAwMDAwMDAwMDAwfX0="
        }
      ]
    },
    {
      "mode": "managed",
      "type": "google_secret_manager_secret",
      "name": "database_url",
      "provider": "provider[\"registry.terraform.io/hashicorp/google\"]",
      "instances": [
        {
          "schema_version": 0,
          "attributes": {
            "annotations": {},
            "create_time": "2026-02-17T23:29:50.328620Z",
            "effective_annotations": {},
            "effective_labels": {},
            "expire_time": "",
            "id": "projects/sparx-sandbox/secrets/database-url",
            "labels": {},
            "name": "projects/984566999758/secrets/database-url",
            "project": "sparx-sandbox",
            "replication": [
              {
                "auto": [
                  {
                    "customer_managed_encryption": []
                  }
                ],
                "user_managed": []
              }
            ],
            "rotation": [],
            "secret_id": "database-url",
            "terraform_labels": {},
            "timeouts": null,
            "topics": [],
            "ttl": null,
            "version_aliases": {},
            "version_destroy_ttl": ""
          },
          "sensitive_attributes": [],
          "private": "eyJlMmJmYjczMC1lY2FhLTExZTYtOGY4OC0zNDM2M2JjN2M0YzAiOnsiY3JlYXRlIjoxMjAwMDAwMDAwMDAwLCJkZWxldGUiOjEyMDAwMDAwMDAwMDAsInVwZGF0ZSI6MTIwMDAwMDAwMDAwMH19",
          "dependencies": [
            "google_project_service.secretmanager"
          ]
        }
      ]
    },
    {
      "mode": "managed",
      "type": "google_secret_manager_secret",
      "name": "github_token",
      "provider": "provider[\"registry.terraform.io/hashicorp/google\"]",
      "instances": [
        {
          "schema_version": 0,
          "attributes": {
            "annotations": {},
            "create_time": "2026-02-17T23:29:50.329647Z",
            "effective_annotations": {},
            "effective_labels": {},
            "expire_time": "",
            "id": "projects/sparx-sandbox/secrets/github-token",
            "labels": {},
            "name": "projects/984566999758/secrets/github-token",
            "project": "sparx-sandbox",
            "replication": [
              {
                "auto": [
                  {
                    "customer_managed_encryption": []
                  }
                ],
                "user_managed": []
              }
            ],
            "rotation": [],
            "secret_id": "github-token",
            "terraform_labels": {},
            "timeouts": null,
            "topics": [],
            "ttl": null,
            "version_aliases": {},
            "version_destroy_ttl": ""
          },
          "sensitive_attributes": [],
          "private": "eyJlMmJmYjczMC1lY2FhLTExZTYtOGY4OC0zNDM2M2JjN2M0YzAiOnsiY3JlYXRlIjoxMjAwMDAwMDAwMDAwLCJkZWxldGUiOjEyMDAwMDAwMDAwMDAsInVwZGF0ZSI6MTIwMDAwMDAwMDAwMH19",
          "dependencies": [
            "google_project_service.secretmanager"
          ]
        }
      ]
    },
    {
      "mode": "managed",
      "type": "google_secret_manager_secret",
      "name": "postgres_password",
      "provider": "provider[\"registry.terraform.io/hashicorp/google\"]",
      "instances": [
        {
          "schema_version": 0,
          "attributes": {
            "annotations": {},
            "create_time": "2026-02-17T23:29:50.333315Z",
            "effective_annotations": {},
            "effective_labels": {},
            "expire_time": "",
            "id": "projects/sparx-sandbox/secrets/postgres-password",
            "labels": {},
            "name": "projects/984566999758/secrets/postgres-password",
            "project": "sparx-sandbox",
            "replication": [
              {
                "auto": [
                  {
                    "customer_managed_encryption": []
                  }
                ],
                "user_managed": []
              }
            ],
            "rotation": [],
            "secret_id": "postgres-password",
            "terraform_labels": {},
            "timeouts": null,
            "topics": [],
            "ttl": null,
            "version_aliases": {},
            "version_destroy_ttl": ""
          },
          "sensitive_attributes": [],
          "private": "eyJlMmJmYjczMC1lY2FhLTExZTYtOGY4OC0zNDM2M2JjN2M0YzAiOnsiY3JlYXRlIjoxMjAwMDAwMDAwMDAwLCJkZWxldGUiOjEyMDAwMDAwMDAwMDAsInVwZGF0ZSI6MTIwMDAwMDAwMDAwMH19",
          "dependencies": [
            "google_project_service.secretmanager"
          ]
        }
      ]
    },
    {
      "mode": "managed",
      "type": "google_secret_manager_secret",
      "name": "slack_bot_token",
      "provider": "provider[\"registry.terraform.io/hashicorp/google\"]",
      "instances": [
        {
          "schema_version": 0,
          "attributes": {
            "annotations": {},
            "create_time": "2026-02-17T23:29:50.328372Z",
            "effective_annotations": {},
            "effective_labels": {},
            "expire_time": "",
            "id": "projects/sparx-sandbox/secrets/slack-bot-token",
            "labels": {},
            "name": "projects/984566999758/secrets/slack-bot-token",
            "project": "sparx-sandbox",
            "replication": [
              {
                "auto": [
                  {
                    "customer_managed_encryption": []
                  }
                ],
                "user_managed": []
              }
            ],
            "rotation": [],
            "secret_id": "slack-bot-token",
            "terraform_labels": {},
            "timeouts": null,
            "topics": [],
            "ttl": null,
            "version_aliases": {},
            "version_destroy_ttl": ""
          },
          "sensitive_attributes": [],
          "private": "eyJlMmJmYjczMC1lY2FhLTExZTYtOGY4OC0zNDM2M2JjN2M0YzAiOnsiY3JlYXRlIjoxMjAwMDAwMDAwMDAwLCJkZWxldGUiOjEyMDAwMDAwMDAwMDAsInVwZGF0ZSI6MTIwMDAwMDAwMDAwMH19",
          "dependencies": [
            "google_project_service.secretmanager"
          ]
        }
      ]
    },
    {
      "mode": "managed",
      "type": "google_secret_manager_secret",
      "name": "slack_signing_secret",
      "provider": "provider[\"registry.terraform.io/hashicorp/google\"]",
      "instances": [
        {
          "schema_version": 0,
          "attributes": {
            "annotations": {},
            "create_time": "2026-02-17T23:29:50.338392Z",
            "effective_annotations": {},
            "effective_labels": {},
            "expire_time": "",
            "id": "projects/sparx-sandbox/secrets/slack-signing-secret",
            "labels": {},
            "name": "projects/984566999758/secrets/slack-signing-secret",
            "project": "sparx-sandbox",
            "replication": [
              {
                "auto": [
                  {
                    "customer_managed_encryption": []
                  }
                ],
                "user_managed": []
              }
            ],
            "rotation": [],
            "secret_id": "slack-signing-secret",
            "terraform_labels": {},
            "timeouts": null,
            "topics": [],
            "ttl": null,
            "version_aliases": {},
            "version_destroy_ttl": ""
          },
          "sensitive_attributes": [],
          "private": "eyJlMmJmYjczMC1lY2FhLTExZTYtOGY4OC0zNDM2M2JjN2M0YzAiOnsiY3JlYXRlIjoxMjAwMDAwMDAwMDAwLCJkZWxldGUiOjEyMDAwMDAwMDAwMDAsInVwZGF0ZSI6MTIwMDAwMDAwMDAwMH19",
          "dependencies": [
            "google_project_service.secretmanager"
          ]
        }
      ]
    },
    {
      "mode": "managed",
      "type": "google_secret_manager_secret_iam_member",
      "name": "agent_database_url",
      "provider": "provider[\"registry.terraform.io/hashicorp/google\"]",
      "instances": [
        {
          "schema_version": 0,
          "attributes": {
            "condition": [],
            "etag": "BwZLDXNh3Us=",
            "id": "projects/sparx-sandbox/secrets/database-url/roles/secretmanager.secretAccessor/serviceAccount:slack-rag-agent@sparx-sandbox.iam.gserviceaccount.com",
            "member": "serviceAccount:slack-rag-agent@sparx-sandbox.iam.gserviceaccount.com",
            "project": "sparx-sandbox",
            "role": "roles/secretmanager.secretAccessor",
            "secret_id": "projects/sparx-sandbox/secrets/database-url"
          },
          "sensitive_attributes": [],
          "private": "bnVsbA==",
          "dependencies": [
            "google_project_service.secretmanager",
            "google_secret_manager_secret.database_url",
            "google_service_account.agent"
          ]
        }
      ]
    },
    {
      "mode": "managed",
      "type": "google_secret_manager_secret_iam_member",
      "name": "agent_github_token",
      "provider": "provider[\"registry.terraform.io/hashicorp/google\"]",
      "instances": [
        {
          "schema_version": 0,
          "attributes": {
            "condition": [],
            "etag": "BwZLDXMZv6U=",
            "id": "projects/sparx-sandbox/secrets/github-token/roles/secretmanager.secretAccessor/serviceAccount:slack-rag-agent@sparx-sandbox.iam.gserviceaccount.com",
            "member": "serviceAccount:slack-rag-agent@sparx-sandbox.iam.gserviceaccount.com",
            "project": "sparx-sandbox",
            "role": "roles/secretmanager.secretAccessor",
            "secret_id": "projects/sparx-sandbox/secrets/github-token"
          },
          "sensitive_attributes": [],
          "private": "bnVsbA==",
          "dependencies": [
            "google_project_service.secretmanager",
            "google_secret_manager_secret.github_token",
            "google_service_account.agent"
          ]
        }
      ]
    },
    {
      "mode": "managed",
      "type": "google_secret_manager_secret_iam_member",
      "name": "agent_slack_bot_token",
      "provider": "provider[\"registry.terraform.io/hashicorp/google\"]",
      "instances": [
        {
          "schema_version": 0,
          "attributes": {
            "condition": [],
            "etag": "BwZLDXNhVmI=",
            "id": "projects/sparx-sandbox/secrets/slack-bot-token/roles/secretmanager.secretAccessor/serviceAccount:slack-rag-agent@sparx-sandbox.iam.gserviceaccount.com",
            "member": "serviceAccount:slack-rag-agent@sparx-sandbox.iam.gserviceaccount.com",
            "project": "sparx-sandbox",
            "role": "roles/secretmanager.secretAccessor",
            "secret_id": "projects/sparx-sandbox/secrets/slack-bot-token"
          },
          "sensitive_attributes": [],
          "private": "bnVsbA==",
          "dependencies": [
            "google_project_service.secretmanager",
            "google_secret_manager_secret.slack_bot_token",
            "google_service_account.agent"
          ]
        }
      ]
    },
    {
      "mode": "managed",
      "type": "google_secret_manager_secret_iam_member",
      "name": "agent_slack_signing",
      "provider": "provider[\"registry.terraform.io/hashicorp/google\"]",
      "instances": [
        {
          "schema_version": 0,
          "attributes": {
            "condition": [],
            "etag": "BwZLDXNhW1Q=",
            "id": "projects/sparx-sandbox/secrets/slack-signing-secret/roles/secretmanager.secretAccessor/serviceAccount:slack-rag-agent@sparx-sandbox.iam.gserviceaccount.com",
            "member": "serviceAccount:slack-rag-agent@sparx-sandbox.iam.gserviceaccount.com",
            "project": "sparx-sandbox",
            "role": "roles/secretmanager.secretAccessor",
            "secret_id": "projects/sparx-sandbox/secrets/slack-signing-secret"
          },
          "sensitive_attributes": [],
          "private": "bnVsbA==",
          "dependencies": [
            "google_project_service.secretmanager",
            "google_secret_manager_secret.slack_signing_secret",
            "google_service_account.agent"
          ]
        }
      ]
    },
    {
      "mode": "managed",
      "type": "google_secret_manager_secret_iam_member",
      "name": "indexer_database_url",
      "provider": "provider[\"registry.terraform.io/hashicorp/google\"]",
      "instances": [
        {
          "schema_version": 0,
          "attributes": {
            "condition": [],
            "etag": "BwZLDXNh3Us=",
            "id": "projects/sparx-sandbox/secrets/database-url/roles/secretmanager.secretAccessor/serviceAccount:slack-rag-indexer@sparx-sandbox.iam.gserviceaccount.com",
            "member": "serviceAccount:slack-rag-indexer@sparx-sandbox.iam.gserviceaccount.com",
            "project": "sparx-sandbox",
            "role": "roles/secretmanager.secretAccessor",
            "secret_id": "projects/sparx-sandbox/secrets/database-url"
          },
          "sensitive_attributes": [],
          "private": "bnVsbA==",
          "dependencies": [
            "google_project_service.secretmanager",
            "google_secret_manager_secret.database_url",
            "google_service_account.indexer"
          ]
        }
      ]
    },
    {
      "mode": "managed",
      "type": "google_secret_manager_secret_iam_member",
      "name": "indexer_slack_bot_token",
      "provider": "provider[\"registry.terraform.io/hashicorp/google\"]",
      "instances": [
        {
          "schema_version": 0,
          "attributes": {
            "condition": [],
            "etag": "BwZLDXNhVmI=",
            "id": "projects/sparx-sandbox/secrets/slack-bot-token/roles/secretmanager.secretAccessor/serviceAccount:slack-rag-indexer@sparx-sandbox.iam.gserviceaccount.com",
            "member": "serviceAccount:slack-rag-indexer@sparx-sandbox.iam.gserviceaccount.com",
            "project": "sparx-sandbox",
            "role": "roles/secretmanager.secretAccessor",
            "secret_id": "projects/sparx-sandbox/secrets/slack-bot-token"
          },
          "sensitive_attributes": [],
          "private": "bnVsbA==",
          "dependencies": [
            "google_project_service.secretmanager",
            "google_secret_manager_secret.slack_bot_token",
            "google_service_account.indexer"
          ]
        }
      ]
    },
    {
      "mode": "managed",
      "type": "google_secret_manager_secret_iam_member",
      "name": "indexer_slack_signing",
      "provider": "provider[\"registry.terraform.io/hashicorp/google\"]",
      "instances": [
        {
          "schema_version": 0,
          "attributes": {
            "condition": [],
            "etag": "BwZLDXNhW1Q=",
            "id": "projects/sparx-sandbox/secrets/slack-signing-secret/roles/secretmanager.secretAccessor/serviceAccount:slack-rag-indexer@sparx-sandbox.iam.gserviceaccount.com",
            "member": "serviceAccount:slack-rag-indexer@sparx-sandbox.iam.gserviceaccount.com",
            "project": "sparx-sandbox",
            "role": "roles/secretmanager.secretAccessor",
            "secret_id": "projects/sparx-sandbox/secrets/slack-signing-secret"
          },
          "sensitive_attributes": [],
          "private": "bnVsbA==",
          "dependencies": [
            "google_project_service.secretmanager",
            "google_secret_manager_secret.slack_signing_secret",
            "google_service_account.indexer"
          ]
        }
      ]
    },
    {
      "mode": "managed",
      "type": "google_secret_manager_secret_version",
      "name": "database_url",
      "provider": "provider[\"registry.terraform.io/hashicorp/google\"]",
      "instances": [
        {
          "schema_version": 0,
          "attributes": {
            "create_time": "2026-02-18T00:35:06.330056Z",
            "deletion_policy": "DELETE",
            "destroy_time": "",
            "enabled": true,
            "id": "projects/984566999758/secrets/database-url/versions/2",
            "is_secret_data_base64": false,
            "name": "projects/984566999758/secrets/database-url/versions/2",
            "secret": "projects/sparx-sandbox/secrets/database-url",
            "secret_data": "postgresql://slack_rag_app:KeHvl0%29Niw9q%29E%24PnZ94msX%7B@10.102.192.3:5432/slack_rag?sslmode=require",
            "timeouts": null,
            "version": "2"
          },
          "sensitive_attributes": [
            [
              {
                "type": "get_attr",
                "value": "secret_data"
              }
            ]
          ],
          "private": "eyJlMmJmYjczMC1lY2FhLTExZTYtOGY4OC0zNDM2M2JjN2M0YzAiOnsiY3JlYXRlIjoxMjAwMDAwMDAwMDAwLCJkZWxldGUiOjEyMDAwMDAwMDAwMDAsInVwZGF0ZSI6MTIwMDAwMDAwMDAwMH19",
          "dependencies": [
            "data.google_compute_network.default",
            "google_project_service.compute",
            "google_project_service.secretmanager",
            "google_secret_manager_secret.database_url",
            "google_service_networking_connection.private_vpc_connection",
            "google_sql_database_instance.main",
            "random_password.db_password"
          ]
        }
      ]
    },
    {
      "mode": "managed",
      "type": "google_secret_manager_secret_version",
      "name": "github_token_placeholder",
      "provider": "provider[\"registry.terraform.io/hashicorp/google\"]",
      "instances": [
        {
          "schema_version": 0,
          "attributes": {
            "create_time": "2026-02-17T23:29:51.197066Z",
            "deletion_policy": "DELETE",
            "destroy_time": "",
            "enabled": true,
            "id": "projects/984566999758/secrets/github-token/versions/1",
            "is_secret_data_base64": false,
            "name": "projects/984566999758/secrets/github-token/versions/1",
            "secret": "projects/sparx-sandbox/secrets/github-token",
            "secret_data": "replace-me-with-real-github-token",
            "timeouts": null,
            "version": "1"
          },
          "sensitive_attributes": [
            [
              {
                "type": "get_attr",
                "value": "secret_data"
              }
            ]
          ],
          "private": "eyJlMmJmYjczMC1lY2FhLTExZTYtOGY4OC0zNDM2M2JjN2M0YzAiOnsiY3JlYXRlIjoxMjAwMDAwMDAwMDAwLCJkZWxldGUiOjEyMDAwMDAwMDAwMDAsInVwZGF0ZSI6MTIwMDAwMDAwMDAwMH19",
          "dependencies": [
            "google_project_service.secretmanager",
            "google_secret_manager_secret.github_token"
          ]
        }
      ]
    },
    {
      "mode": "managed",
      "type": "google_secret_manager_secret_version",
      "name": "postgres_password",
      "provider": "provider[\"registry.terraform.io/hashicorp/google\"]",
      "instances": [
        {
          "schema_version": 0,
          "attributes": {
            "create_time": "2026-02-17T23:29:51.520279Z",
            "deletion_policy": "DELETE",
            "destroy_time": "",
            "enabled": true,
            "id": "projects/984566999758/secrets/postgres-password/versions/1",
            "is_secret_data_base64": false,
            "name": "projects/984566999758/secrets/postgres-password/versions/1",
            "secret": "projects/sparx-sandbox/secrets/postgres-password",
            "secret_data": "\u0026sMPfV%uWRdFbhQ${=iQu[\u003cj",
            "timeouts": null,
            "version": "1"
          },
          "sensitive_attributes": [
            [
              {
                "type": "get_attr",
                "value": "secret_data"
              }
            ]
          ],
          "private": "eyJlMmJmYjczMC1lY2FhLTExZTYtOGY4OC0zNDM2M2JjN2M0YzAiOnsiY3JlYXRlIjoxMjAwMDAwMDAwMDAwLCJkZWxldGUiOjEyMDAwMDAwMDAwMDAsInVwZGF0ZSI6MTIwMDAwMDAwMDAwMH19",
          "dependencies": [
            "google_project_service.secretmanager",
            "google_secret_manager_secret.postgres_password",
            "random_password.postgres_password"
          ]
        }
      ]
    },
    {
      "mode": "managed",
      "type": "google_secret_manager_secret_version",
      "name": "slack_bot_token_placeholder",
      "provider": "provider[\"registry.terraform.io/hashicorp/google\"]",
      "instances": [
        {
          "schema_version": 0,
          "attributes": {
            "create_time": "2026-02-17T23:29:51.576349Z",
            "deletion_policy": "DELETE",
            "destroy_time": "",
            "enabled": true,
            "id": "projects/984566999758/secrets/slack-bot-token/versions/1",
            "is_secret_data_base64": false,
            "name": "projects/984566999758/secrets/slack-bot-token/versions/1",
            "secret": "projects/sparx-sandbox/secrets/slack-bot-token",
            "secret_data": "replace-me-with-real-slack-bot-token",
            "timeouts": null,
            "version": "1"
          },
          "sensitive_attributes": [
            [
              {
                "type": "get_attr",
                "value": "secret_data"
              }
            ]
          ],
          "private": "eyJlMmJmYjczMC1lY2FhLTExZTYtOGY4OC0zNDM2M2JjN2M0YzAiOnsiY3JlYXRlIjoxMjAwMDAwMDAwMDAwLCJkZWxldGUiOjEyMDAwMDAwMDAwMDAsInVwZGF0ZSI6MTIwMDAwMDAwMDAwMH19",
          "dependencies": [
            "google_project_service.secretmanager",
            "google_secret_manager_secret.slack_bot_token"
          ]
        }
      ]
    },
    {
      "mode": "managed",
      "type": "google_secret_manager_secret_version",
      "name": "slack_signing_secret_placeholder",
      "provider": "provider[\"registry.terraform.io/hashicorp/google\"]",
      "instances": [
        {
          "schema_version": 0,
          "attributes": {
            "create_time": "2026-02-17T23:29:51.430817Z",
            "deletion_policy": "DELETE",
            "destroy_time": "",
            "enabled": true,
            "id": "projects/984566999758/secrets/slack-signing-secret/versions/1",
            "is_secret_data_base64": false,
            "name": "projects/984566999758/secrets/slack-signing-secret/versions/1",
            "secret": "projects/sparx-sandbox/secrets/slack-signing-secret",
            "secret_data": "replace-me-with-real-slack-signing-secret",
            "timeouts": null,
            "version": "1"
          },
          "sensitive_attributes": [
            [
              {
                "type": "get_attr",
                "value": "secret_data"
              }
            ]
          ],
          "private": "eyJlMmJmYjczMC1lY2FhLTExZTYtOGY4OC0zNDM2M2JjN2M0YzAiOnsiY3JlYXRlIjoxMjAwMDAwMDAwMDAwLCJkZWxldGUiOjEyMDAwMDAwMDAwMDAsInVwZGF0ZSI6MTIwMDAwMDAwMDAwMH19",
          "dependencies": [
            "google_project_service.secretmanager",
            "google_secret_manager_secret.slack_signing_secret"
          ]
        }
      ]
    },
    {
      "mode": "managed",
      "type": "google_service_account",
      "name": "agent",
      "provider": "provider[\"registry.terraform.io/hashicorp/google\"]",
      "instances": [
        {
          "schema_version": 0,
          "attributes": {
            "account_id": "slack-rag-agent",
            "create_ignore_already_exists": null,
            "description": "",
            "disabled": false,
            "display_name": "Slack RAG Bot Agent (Cloud Run)",
            "email": "slack-rag-agent@sparx-sandbox.iam.gserviceaccount.com",
            "id": "projects/sparx-sandbox/serviceAccounts/slack-rag-agent@sparx-sandbox.iam.gserviceaccount.com",
            "member": "serviceAccount:slack-rag-agent@sparx-sandbox.iam.gserviceaccount.com",
            "name": "projects/sparx-sandbox/serviceAccounts/slack-rag-agent@sparx-sandbox.iam.gserviceaccount.com",
            "project": "sparx-sandbox",
            "timeouts": null,
            "unique_id": "111491108929183707905"
          },
          "sensitive_attributes": [],
          "private": "eyJlMmJmYjczMC1lY2FhLTExZTYtOGY4OC0zNDM2M2JjN2M0YzAiOnsiY3JlYXRlIjozMDAwMDAwMDAwMDB9fQ=="
        }
      ]
    },
    {
      "mode": "managed",
      "type": "google_service_account",
      "name": "indexer",
      "provider": "provider[\"registry.terraform.io/hashicorp/google\"]",
      "instances": [
        {
          "schema_version": 0,
          "attributes": {
            "account_id": "slack-rag-indexer",
            "create_ignore_already_exists": null,
            "description": "",
            "disabled": false,
            "display_name": "Slack RAG Bot Indexer (Cloud Run Job)",
            "email": "slack-rag-indexer@sparx-sandbox.iam.gserviceaccount.com",
            "id": "projects/sparx-sandbox/serviceAccounts/slack-rag-indexer@sparx-sandbox.iam.gserviceaccount.com",
            "member": "serviceAccount:slack-rag-indexer@sparx-sandbox.iam.gserviceaccount.com",
            "name": "projects/sparx-sandbox/serviceAccounts/slack-rag-indexer@sparx-sandbox.iam.gserviceaccount.com",
            "project": "sparx-sandbox",
            "timeouts": null,
            "unique_id": "104381993994635930924"
          },
          "sensitive_attributes": [],
          "private": "eyJlMmJmYjczMC1lY2FhLTExZTYtOGY4OC0zNDM2M2JjN2M0YzAiOnsiY3JlYXRlIjozMDAwMDAwMDAwMDB9fQ=="
        }
      ]
    },
    {
      "mode": "managed",
      "type": "google_service_networking_connection",
      "name": "private_vpc_connection",
      "provider": "provider[\"registry.terraform.io/hashicorp/google\"]",
      "instances": [
        {
          "schema_version": 0,
          "attributes": {
            "deletion_policy": null,
            "id": "projects%2Fsparx-sandbox%2Fglobal%2Fnetworks%2Fdefault:servicenetworking.googleapis.com",
            "network": "projects/sparx-sandbox/global/networks/default",
            "peering": "servicenetworking-googleapis-com",
            "reserved_peering_ranges": [
              "default-ip-range"
            ],
            "service": "servicenetworking.googleapis.com",
            "timeouts": null,
            "update_on_creation_fail": null
          },
          "sensitive_attributes": [],
          "private": "eyJlMmJmYjczMC1lY2FhLTExZTYtOGY4OC0zNDM2M2JjN2M0YzAiOnsiY3JlYXRlIjo2MDAwMDAwMDAwMDAsImRlbGV0ZSI6NjAwMDAwMDAwMDAwLCJ1cGRhdGUiOjYwMDAwMDAwMDAwMH19",
          "dependencies": [
            "data.google_compute_network.default",
            "google_project_service.compute"
          ]
        }
      ]
    },
    {
      "mode": "managed",
      "type": "google_sql_database",
      "name": "db",
      "provider": "provider[\"registry.terraform.io/hashicorp/google\"]",
      "instances": [
        {
          "schema_version": 0,
          "attributes": {
            "charset": "UTF8",
            "collation": "en_US.UTF8",
            "deletion_policy": "DELETE",
            "id": "projects/sparx-sandbox/instances/slack-rag-db/databases/slack_rag",
            "instance": "slack-rag-db",
            "name": "slack_rag",
            "project": "sparx-sandbox",
            "self_link": "https://sqladmin.googleapis.com/sql/v1beta4/projects/sparx-sandbox/instances/slack-rag-db/databases/slack_rag",
            "timeouts": null
          },
          "sensitive_attributes": [],
          "private": "eyJlMmJmYjczMC1lY2FhLTExZTYtOGY4OC0zNDM2M2JjN2M0YzAiOnsiY3JlYXRlIjoxMjAwMDAwMDAwMDAwLCJkZWxldGUiOjEyMDAwMDAwMDAwMDAsInVwZGF0ZSI6MTIwMDAwMDAwMDAwMH19",
          "dependencies": [
            "data.google_compute_network.default",
            "google_project_service.compute",
            "google_service_networking_connection.private_vpc_connection",
            "google_sql_database_instance.main"
          ]
        }
      ]
    },
    {
      "mode": "managed",
      "type": "google_sql_database_instance",
      "name": "main",
      "provider": "provider[\"registry.terraform.io/hashicorp/google\"]",
      "instances": [
        {
          "schema_version": 0,
          "attributes": {
            "available_maintenance_versions": [],
            "clone": [],
            "connection_name": "sparx-sandbox:us-central1:slack-rag-db",
            "database_version": "POSTGRES_15",
            "deletion_protection": false,
            "dns_name": "",
            "encryption_key_name": null,
            "first_ip_address": "34.60.23.173",
            "id": "slack-rag-db",
            "instance_type": "CLOUD_SQL_INSTANCE",
            "ip_address": [
              {
                "ip_address": "34.60.23.173",
                "time_to_retire": "",
                "type": "PRIMARY"
              },
              {
                "ip_address": "34.172.77.118",
                "time_to_retire": "",
                "type": "OUTGOING"
              },
              {
                "ip_address": "10.102.192.3",
                "time_to_retire": "",
                "type": "PRIVATE"
              }
            ],
            "maintenance_version": "POSTGRES_15_16.R20260108.01_13",
            "master_instance_name": "",
            "name": "slack-rag-db",
            "private_ip_address": "10.102.192.3",
            "project": "sparx-sandbox",
            "psc_service_attachment_link": "",
            "public_ip_address": "34.60.23.173",
            "region": "us-central1",
            "replica_configuration": [],
            "restore_backup_context": [],
            "root_password": null,
            "self_link": "https://sqladmin.googleapis.com/sql/v1beta4/projects/sparx-sandbox/instances/slack-rag-db",
            "server_ca_cert": [
              {
                "cert": "-----BEGIN CERTIFICATE-----\nMIIDfzCCAmegAwIBAgIBADANBgkqhkiG9w0BAQsFADB3MS0wKwYDVQQuEyQzNjE3\nNWI4OC1lMDBiLTQzYmMtOGMyNS04MTFiNGZmODA1N2ExIzAhBgNVBAMTGkdvb2ds\nZSBDbG91ZCBTUUwgU2VydmVyIENBMRQwEgYDVQQKEwtHb29nbGUsIEluYzELMAkG\nA1UEBhMCVVMwHhcNMjYwMjE3MjMzNzU3WhcNMzYwMjE1MjMzODU3WjB3MS0wKwYD\nVQQuEyQzNjE3NWI4OC1lMDBiLTQzYmMtOGMyNS04MTFiNGZmODA1N2ExIzAhBgNV\nBAMTGkdvb2dsZSBDbG91ZCBTUUwgU2VydmVyIENBMRQwEgYDVQQKEwtHb29nbGUs\nIEluYzELMAkGA1UEBhMCVVMwggEiMA0GCSqGSIb3DQEBAQUAA4IBDwAwggEKAoIB\nAQDGQ9vLlUcjRvFEp064+NJ2umCqmUlGNIandOqf7C5SZSzGEBN9/Nbci7FcWlSQ\nmn8Jxzr0ll226FsvJnl2WJpP7zihHg+l2xW+Ajo+IrwNmNGlzf5YZ0U+RGPZFskv\njK+hHv0hDVPecmH8p+1NK3sja0w5WL0ZYl2/mbs+lCbSv7JBRbx9NpY/pc2iJyo4\nUDX6//sZBnJ7Z1CPNdOldjSGfxWZQcN58RLWVlFvGP27oOYtgpIIi6H722JM8vzF\nBO+QeANQNqDmHcOEQICwBC6Bb9CvfCj5uEDjVhlKpD+qmToXyFLMs6uj7veorRq6\nnXI7CC0GvJgUewnUeYYSCAJlAgMBAAGjFjAUMBIGA1UdEwEB/wQIMAYBAf8CAQAw\nDQYJKoZIhvcNAQELBQADggEBAHa6n16z4SwSLIabWgGUZzTSnh++3tng5KyGeBNa\nnKb8LO3soXXqqRw/04+skMMxo7ktxWPVL9Ryy4627365jUFhEPZUjc0ZGcZxwlFj\n2bQSj9G1fO1UHabesMzLR3GT3TDD1r9IcRVzVbLsneVqtOT0EPZTFRN6TXTCq2Am\ndYlGaTwuYHCYT9DiChltzzKh0yV/XcCV+CwdPKruESp6Kppad1Go6Fc1CIVTOxJP\nW4mllqEYruJt4MQoQ3frmjLMuktutoUFAlQI38elxoHBC6+1Ov6a9ZZTPzaLrFZY\nbBa1I0/EG2T71Ncwb8v6YzLFqaU5c/zmoXb63T4/MsJnwrY=\n-----END CERTIFICATE-----",
                "common_name": "C=US,O=Google\\, Inc,CN=Google Cloud SQL Server CA,dnQualifier=36175b88-e00b-43bc-8c25-811b4ff8057a",
                "create_time": "2026-02-17T23:37:57.605Z",
                "expiration_time": "2036-02-15T23:38:57.605Z",
                "sha1_fingerprint": "5d1866c9efede122d387e4c2d2872fb7e0b3b773"
              }
            ],
            "service_account_email_address": "p984566999758-aldnbr@gcp-sa-cloud-sql.iam.gserviceaccount.com",
            "settings": [
              {
                "activation_policy": "ALWAYS",
                "active_directory_config": [],
                "advanced_machine_features": [],
                "availability_type": "ZONAL",
                "backup_configuration": [
                  {
                    "backup_retention_settings": [
                      {
                        "retained_backups": 7,
                        "retention_unit": "COUNT"
                      }
                    ],
                    "binary_log_enabled": false,
                    "enabled": true,
                    "location": "",
                    "point_in_time_recovery_enabled": false,
                    "start_time": "03:00",
                    "transaction_log_retention_days": 7
                  }
                ],
                "collation": "",
                "connector_enforcement": "NOT_REQUIRED",
                "data_cache_config": [],
                "database_flags": [
                  {
                    "name": "cloudsql.iam_authentication",
                    "value": "on"
                  }
                ],
                "deletion_protection_enabled": false,
                "deny_maintenance_period": [],
                "disk_autoresize": true,
                "disk_autoresize_limit": 0,
                "disk_size": 10,
                "disk_type": "PD_SSD",
                "edition": "ENTERPRISE",
                "enable_dataplex_integration": false,
                "enable_google_ml_integration": false,
                "insights_config": [
                  {
                    "query_insights_enabled": true,
                    "query_plans_per_minute": 5,
                    "query_string_length": 1024,
                    "record_application_tags": false,
                    "record_client_address": false
                  }
                ],
                "ip_configuration": [
                  {
                    "allocated_ip_range": "",
                    "authorized_networks": [],
                    "enable_private_path_for_google_cloud_services": false,
                    "ipv4_enabled": true,
                    "private_network": "projects/sparx-sandbox/global/networks/default",
                    "psc_config": [],
                    "require_ssl": false,
                    "server_ca_mode": "GOOGLE_MANAGED_INTERNAL_CA",
                    "ssl_mode": "ENCRYPTED_ONLY"
                  }
                ],
                "location_preference": [
                  {
                    "follow_gae_application": "",
                    "secondary_zone": "",
                    "zone": "us-central1-a"
                  }
                ],
                "maintenance_window": [],
                "password_validation_policy": [],
                "pricing_plan": "PER_USE",
                "sql_server_audit_config": [],
                "tier": "db-f1-micro",
                "time_zone": "",
                "user_labels": {},
                "version": 11
              }
            ],
            "timeouts": null
          },
          "sensitive_attributes": [
            [
              {
                "type": "get_attr",
                "value": "server_ca_cert"
              }
            ],
            [
              {
                "type": "get_attr",
                "value": "root_password"
              }
            ]
          ],
          "private": "eyJlMmJmYjczMC1lY2FhLTExZTYtOGY4OC0zNDM2M2JjN2M0YzAiOnsiY3JlYXRlIjo1NDAwMDAwMDAwMDAwLCJkZWxldGUiOjU0MDAwMDAwMDAwMDAsInVwZGF0ZSI6NTQwMDAwMDAwMDAwMH19",
          "dependencies": [
            "data.google_compute_network.default",
            "google_project_service.compute",
            "google_service_networking_connection.private_vpc_connection"
          ]
        }
      ]
    },
    {
      "mode": "managed",
      "type": "google_sql_user",
      "name": "app_user",
      "provider": "provider[\"registry.terraform.io/hashicorp/google\"]",
      "instances": [
        {
          "schema_version": 1,
          "attributes": {
            "deletion_policy": null,
            "host": "",
            "id": "slack_rag_app//slack-rag-db",
            "instance": "slack-rag-db",
            "name": "slack_rag_app",
            "password": "KeHvl0)Niw9q)E$PnZ94msX{",
            "password_policy": [],
            "project": "sparx-sandbox",
            "sql_server_user_details": [],
            "timeouts": null,
            "type": ""
          },
          "sensitive_attributes": [
            [
              {
                "type": "get_attr",
                "value": "password"
              }
            ]
          ],
          "private": "eyJlMmJmYjczMC1lY2FhLTExZTYtOGY4OC0zNDM2M2JjN2M0YzAiOnsiY3JlYXRlIjo2MDAwMDAwMDAwMDAsImRlbGV0ZSI6NjAwMDAwMDAwMDAwLCJ1cGRhdGUiOjYwMDAwMDAwMDAwMH0sInNjaGVtYV92ZXJzaW9uIjoiMSJ9",
          "dependencies": [
            "data.google_compute_network.default",
            "google_project_service.compute",
            "google_service_networking_connection.private_vpc_connection",
            "google_sql_database_instance.main",
            "random_password.db_password"
          ]
        }
      ]
    },
    {
      "mode": "managed",
      "type": "google_sql_user",
      "name": "postgres",
      "provider": "provider[\"registry.terraform.io/hashicorp/google\"]",
      "instances": [
        {
          "schema_version": 1,
          "attributes": {
            "deletion_policy": null,
            "host": "",
            "id": "postgres//slack-rag-db",
            "instance": "slack-rag-db",
            "name": "postgres",
            "password": "\u0026sMPfV%uWRdFbhQ${=iQu[\u003cj",
            "password_policy": [],
            "project": "sparx-sandbox",
            "sql_server_user_details": [],
            "timeouts": null,
            "type": ""
          },
          "sensitive_attributes": [
            [
              {
                "type": "get_attr",
                "value": "password"
              }
            ]
          ],
          "private": "eyJlMmJmYjczMC1lY2FhLTExZTYtOGY4OC0zNDM2M2JjN2M0YzAiOnsiY3JlYXRlIjo2MDAwMDAwMDAwMDAsImRlbGV0ZSI6NjAwMDAwMDAwMDAwLCJ1cGRhdGUiOjYwMDAwMDAwMDAwMH0sInNjaGVtYV92ZXJzaW9uIjoiMSJ9",
          "dependencies": [
            "data.google_compute_network.default",
            "google_project_service.compute",
            "google_service_networking_connection.private_vpc_connection",
            "google_sql_database_instance.main",
            "random_password.postgres_password"
          ]
        }
      ]
    },
    {
      "mode": "managed",
      "type": "google_vpc_access_connector",
      "name": "connector",
      "provider": "provider[\"registry.terraform.io/hashicorp/google\"]",
      "instances": [
        {
          "schema_version": 0,
          "attributes": {
            "connected_projects": [
              "sparx-sandbox"
            ],
            "id": "projects/sparx-sandbox/locations/us-central1/connectors/slack-rag-connector",
            "ip_cidr_range": "10.8.0.0/28",
            "machine_type": "e2-micro",
            "max_instances": 3,
            "max_throughput": 300,
            "min_instances": 2,
            "min_throughput": 200,
            "name": "slack-rag-connector",
            "network": "default",
            "project": "sparx-sandbox",
            "region": "us-central1",
            "self_link": "projects/sparx-sandbox/locations/us-central1/connectors/slack-rag-connector",
            "state": "READY",
            "subnet": [],
            "timeouts": null
          },
          "sensitive_attributes": [],
          "private": "eyJlMmJmYjczMC1lY2FhLTExZTYtOGY4OC0zNDM2M2JjN2M0YzAiOnsiY3JlYXRlIjoxMjAwMDAwMDAwMDAwLCJkZWxldGUiOjEyMDAwMDAwMDAwMDB9fQ==",
          "dependencies": [
            "data.google_compute_network.default",
            "google_project_service.compute",
            "google_project_service.vpcaccess"
          ]
        }
      ]
    },
    {
      "mode": "managed",
      "type": "random_password",
      "name": "db_password",
      "provider": "provider[\"registry.terraform.io/hashicorp/random\"]",
      "instances": [
        {
          "schema_version": 3,
          "attributes": {
            "bcrypt_hash": "$2a$10$3h9iu9zkg0YlgoAVbZ5/tONvRrWcaRMmfZFiS5Ip5GN6ENt474bEG",
            "id": "none",
            "keepers": null,
            "length": 24,
            "lower": true,
            "min_lower": 0,
            "min_numeric": 0,
            "min_special": 0,
            "min_upper": 0,
            "number": true,
            "numeric": true,
            "override_special": null,
            "result": "KeHvl0)Niw9q)E$PnZ94msX{",
            "special": true,
            "upper": true
          },
          "sensitive_attributes": [
            [
              {
                "type": "get_attr",
                "value": "result"
              }
            ],
            [
              {
                "type": "get_attr",
                "value": "bcrypt_hash"
              }
            ]
          ]
        }
      ]
    },
    {
      "mode": "managed",
      "type": "random_password",
      "name": "postgres_password",
      "provider": "provider[\"registry.terraform.io/hashicorp/random\"]",
      "instances": [
        {
          "schema_version": 3,
          "attributes": {
            "bcrypt_hash": "$2a$10$kYiMDXfS15.TARtlB56a1eYmGUvQ9ROwuXOWq5vcOUvTqgYzYSfo2",
            "id": "none",
            "keepers": null,
            "length": 24,
            "lower": true,
            "min_lower": 0,
            "min_numeric": 0,
            "min_special": 0,
            "min_upper": 0,
            "number": true,
            "numeric": true,
            "override_special": null,
            "result": "\u0026sMPfV%uWRdFbhQ${=iQu[\u003cj",
            "special": true,
            "upper": true
          },
          "sensitive_attributes": [
            [
              {
                "type": "get_attr",
                "value": "bcrypt_hash"
              }
            ],
            [
              {
                "type": "get_attr",
                "value": "result"
              }
            ]
          ]
        }
      ]
    }
  ],
  "check_results": null
}
